
Microsoft Visual Studio Solution File, Format Version 12.00
# Visual Studio Version 17
VisualStudioVersion = 17.7.34221.43
MinimumVisualStudioVersion = 10.0.40219.1
Project("{9A19103F-16F7-4668-BE54-9A1E7A4F7556}") = "AdvancedArchitect_CoChi", "AdvancedArchitect_CoChi.csproj", "{16EB300C-871C-4C7B-9206-B725B9477B67}"
EndProject
Project("{FAE04EC0-301F-11D3-BF4B-00C04F79EFBC}") = "AdvancedArchitect_CoChi.Tests", "..\AdvancedArchitect_CoChi.Tests\AdvancedArchitect_CoChi.Tests.csproj", "{331D3C0C-9FF6-41C3-A573-12E7C7F84350}"
EndProject
Global
	GlobalSection(SolutionConfigurationPlatforms) = preSolution
		Debug|Any CPU = Debug|Any CPU
		Release|Any CPU = Release|Any CPU
	EndGlobalSection
	GlobalSection(ProjectConfigurationPlatforms) = postSolution
		{16EB300C-871C-4C7B-9206-B725B9477B67}.Debug|Any CPU.ActiveCfg = Debug|Any CPU
		{16EB300C-871C-4C7B-9206-B725B9477B67}.Debug|Any CPU.Build.0 = Debug|Any CPU
		{16EB300C-871C-4C7B-9206-B725B9477B67}.Release|Any CPU.ActiveCfg = Release|Any CPU
		{16EB300C-871C-4C7B-9206-B725B9477B67}.Release|Any CPU.Build.0 = Release|Any CPU
		{331D3C0C-9FF6-41C3-A573-12E7C7F84350}.Debug|Any CPU.ActiveCfg = Debug|Any CPU
		{331D3C0C-9FF6-41C3-A573-12E7C7F84350}.Debug|Any CPU.Build.0 = Debug|Any CPU
		{331D3C0C-9FF6-41C3-A573-12E7C7F84350}.Release|Any CPU.ActiveCfg = Release|Any CPU
		{331D3C0C-9FF6-41C3-A573-12E7C7F84350}.Release|Any CPU.Build.0 = Release|Any CPU
	EndGlobalSection
	GlobalSection(SolutionProperties) = preSolution
		HideSolutionNode = FALSE
	EndGlobalSection
	GlobalSection(ExtensibilityGlobals) = postSolution
		SolutionGuid = {6D877B4F-8946-438F-B19F-042BF74650F7}
	EndGlobalSection
EndGlobal
